<?xml version="1.0" encoding="utf-8"?>
<Project ToolsVersion="4.0" xmlns="http://schemas.microsoft.com/developer/msbuild/2003">
  <ItemGroup>
    <Filter Include="Source Files">
      <UniqueIdentifier>{4FC737F1-C7A5-4376-A066-2A32D752A2FF}</UniqueIdentifier>
      <Extensions>cpp;c;cc;cxx;def;odl;idl;hpj;bat;asm;asmx</Extensions>
    </Filter>
    <Filter Include="Header Files">
      <UniqueIdentifier>{93995380-89BD-4b04-88EB-625FBE52EBFB}</UniqueIdentifier>
      <Extensions>h;hh;hpp;hxx;hm;inl;inc;ipp;xsd</Extensions>
    </Filter>
    <Filter Include="Resource Files">
      <UniqueIdentifier>{67DA6AB6-F800-4c08-8B7A-83BB121AAD01}</UniqueIdentifier>
      <Extensions>rc;ico;cur;bmp;dlg;rc2;rct;bin;rgs;gif;jpg;jpeg;jpe;resx;tiff;tif;png;wav;mfcribbon-ms</Extensions>
    </Filter>
    <Filter Include="Input">
      <UniqueIdentifier>{838b2063-df3f-47a2-8ed1-4bd69aa962b7}</UniqueIdentifier>
    </Filter>
    <Filter Include="Input\Gamepad">
      <UniqueIdentifier>{b558ff51-9586-42bf-bd1a-f2f8c49477bb}</UniqueIdentifier>
    </Filter>
    <Filter Include="ImGui">
      <UniqueIdentifier>{4237b030-6a55-4e56-b19f-0c4737c908e5}</UniqueIdentifier>
    </Filter>
    <Filter Include="JSON">
      <UniqueIdentifier>{bb388532-9715-4404-8f7b-cae5107b5777}</UniqueIdentifier>
    </Filter>
  </ItemGroup>
  <ItemGroup>
    <ClInclude Include="Timer.hpp">
      <Filter>Header Files</Filter>
    </ClInclude>
    <ClInclude Include="BaseCore.hpp">
      <Filter>Header Files</Filter>
    </ClInclude>
    <ClInclude Include="MyInput.hpp">
      <Filter>Input</Filter>
    </ClInclude>
    <ClInclude Include="Input.hpp">
      <Filter>Input</Filter>
    </ClInclude>
    <ClInclude Include="Gamepad.hpp">
      <Filter>Input\Gamepad</Filter>
    </ClInclude>
    <ClInclude Include="ImGuiImple.h">
      <Filter>Header Files</Filter>
    </ClInclude>
    <ClInclude Include="ImguiWindows.h">
      <Filter>Header Files</Filter>
    </ClInclude>
    <ClInclude Include="JsonReader.hh">
      <Filter>JSON</Filter>
    </ClInclude>
    <ClInclude Include="JsonWriter.hh">
      <Filter>JSON</Filter>
    </ClInclude>
  </ItemGroup>
  <ItemGroup>
    <ClCompile Include="Timer.cpp">
      <Filter>Source Files</Filter>
    </ClCompile>
    <ClCompile Include="BaseCore.cpp">
      <Filter>Source Files</Filter>
    </ClCompile>
    <ClCompile Include="Input.cpp">
      <Filter>Input</Filter>
    </ClCompile>
    <ClCompile Include="Gamepad.cpp">
      <Filter>Input\Gamepad</Filter>
    </ClCompile>
    <ClCompile Include="ImGuiImple.cpp">
      <Filter>Source Files</Filter>
    </ClCompile>
    <ClCompile Include="ImguiWindows.cpp">
      <Filter>Source Files</Filter>
    </ClCompile>
    <ClCompile Include="imgui.cpp">
      <Filter>ImGui</Filter>
    </ClCompile>
    <ClCompile Include="imgui_demo.cpp">
      <Filter>ImGui</Filter>
    </ClCompile>
    <ClCompile Include="imgui_draw.cpp">
      <Filter>ImGui</Filter>
    </ClCompile>
    <ClCompile Include="imgui_impl_opengl3.cpp">
      <Filter>ImGui</Filter>
    </ClCompile>
    <ClCompile Include="imgui_impl_sdl.cpp">
      <Filter>ImGui</Filter>
    </ClCompile>
    <ClCompile Include="imgui_widgets.cpp">
      <Filter>ImGui</Filter>
    </ClCompile>
    <ClCompile Include="jsoncpp.cpp">
      <Filter>JSON</Filter>
    </ClCompile>
    <ClCompile Include="JsonReader.cpp">
      <Filter>JSON</Filter>
    </ClCompile>
    <ClCompile Include="JsonWriter.cpp">
      <Filter>JSON</Filter>
    </ClCompile>
  </ItemGroup>
</Project>